<?xml version="1.0" encoding="UTF-8"?>
<Scheme
   LastUpgradeVersion = "2610"
   version = "1.7">
   <BuildAction
      parallelizeBuildables = "YES"
      buildImplicitDependencies = "YES"
      buildArchitectures = "Automatic">
      <PreActions>
         <ExecutionAction
            ActionType = "Xcode.IDEStandardExecutionActionsCore.ExecutionActionType.ShellScriptAction">
            <ActionContent
               title = "Gen CloudKit Config"
               scriptText = "#!/bin/sh&#10;set -euo pipefail&#10;&#10;OUTPUT_GEN_SOURCE_DIR=${PROJECT_DIR}/FlowDown/DerivedSources&#10;OUTPUT_GEN_FILE=&quot;${OUTPUT_GEN_SOURCE_DIR}/CloudKitConfig.swift&quot;&#10;&#10;if [[ &quot;${ACTION}&quot; == &quot;clean&quot; ]]; then&#10;    rm -rf $OUTPUT_GEN_FILE&#10;    exit 0&#10;fi&#10;&#10;if [ ! -d &quot;${OUTPUT_GEN_SOURCE_DIR}&quot; ]; then&#10;    mkdir -p $OUTPUT_GEN_SOURCE_DIR&#10;fi&#10;&#10;CONTENT=$(cat &lt;&lt;EOF&#10;// Auto-generated&#10;import Foundation&#10;enum CloudKitConfig {&#10;    static let containerIdentifier = &quot;${CLOUDKIT_SYNC_CONTAINER_IDENTIFIER}&quot;&#10;}&#10;EOF&#10;)&#10;&#10;echo &quot;OUTPUT_GEN_FILE: ${OUTPUT_GEN_FILE}&quot;&#10;# &#x4ec5;&#x5f53;&#x5185;&#x5bb9;&#x53d8;&#x5316;&#x65f6;&#x66f4;&#x65b0;&#x6587;&#x4ef6;&#10;if [ ! -f &quot;$OUTPUT_GEN_FILE&quot; ] || [ &quot;$CONTENT&quot; != &quot;$(cat &quot;$OUTPUT_GEN_FILE&quot; 2&gt;/dev/null || true)&quot; ]; then&#10;    echo &quot;$CONTENT&quot; &gt; &quot;$OUTPUT_GEN_FILE&quot;&#10;    echo &quot;&#x2705; Updated CloudKitConfig.swift&quot;&#10;else&#10;    echo &quot;&#x23e9; No change in CloudKitConfig.swift&quot;&#10;fi&#10;">
               <EnvironmentBuildable>
                  <BuildableReference
                     BuildableIdentifier = "primary"
                     BlueprintIdentifier = "503498BC2D23053D004672BD"
                     BuildableName = "FlowDown.app"
                     BlueprintName = "FlowDown"
                     ReferencedContainer = "container:FlowDown.xcodeproj">
                  </BuildableReference>
               </EnvironmentBuildable>
            </ActionContent>
         </ExecutionAction>
         <ExecutionAction
            ActionType = "Xcode.IDEStandardExecutionActionsCore.ExecutionActionType.ShellScriptAction">
            <ActionContent
               title = "Gen Build Info"
               scriptText = "#!/bin/sh&#10;set -euo pipefail&#10;&#10;cd $PROJECT_DIR&#10;&#10;OUTPUT_GEN_SOURCE_DIR=${PROJECT_DIR}/FlowDown/DerivedSources&#10;OUTPUT_GEN_FILE=&quot;${OUTPUT_GEN_SOURCE_DIR}/BuildInfo.swift&quot;&#10;&#10;if [[ &quot;${ACTION}&quot; == &quot;clean&quot; ]]; then&#10;    rm -rf $OUTPUT_GEN_FILE&#10;    exit 0&#10;fi&#10;&#10;if [ ! -d &quot;${OUTPUT_GEN_SOURCE_DIR}&quot; ]; then&#10;    mkdir -p $OUTPUT_GEN_SOURCE_DIR&#10;fi&#10;&#10;BUILD_TIME=$(date &quot;+%Y-%m-%d %H:%M:%S %z&quot;)&#10;GIT_COMMIT=$(git rev-parse HEAD)&#10;if [[ $? == 0 ]]; then&#10;    echo &quot;&#x2705; GIT_COMMIT: ${GIT_COMMIT}&quot;&#10;else&#10;    GIT_COMMIT=&quot;&quot;&#10;    echo &quot;[*] no git&quot;&#10;fi&#10;&#10;CONTENT=$(cat &lt;&lt;EOF&#10;// Auto-generated&#10;import Foundation&#10;&#10;enum BuildInfo {&#10;    static let buildTime = &quot;${BUILD_TIME}&quot;&#10;    static let commitID = &quot;${GIT_COMMIT}&quot;&#10;}&#10;EOF&#10;)&#10;&#10;echo &quot;OUTPUT_GEN_FILE: ${OUTPUT_GEN_FILE}&quot;&#10;# &#x4ec5;&#x5f53;&#x5185;&#x5bb9;&#x53d8;&#x5316;&#x65f6;&#x66f4;&#x65b0;&#x6587;&#x4ef6;&#10;if [ ! -f &quot;$OUTPUT_GEN_FILE&quot; ] || [ &quot;$CONTENT&quot; != &quot;$(cat &quot;$OUTPUT_GEN_FILE&quot; 2&gt;/dev/null || true)&quot; ]; then&#10;    echo &quot;$CONTENT&quot; &gt; &quot;$OUTPUT_GEN_FILE&quot;&#10;    echo &quot;&#x2705; Updated BuildInfo.swift&quot;&#10;else&#10;    echo &quot;&#x23e9; No change in BuildInfo.swift&quot;&#10;fi&#10;">
               <EnvironmentBuildable>
                  <BuildableReference
                     BuildableIdentifier = "primary"
                     BlueprintIdentifier = "503498BC2D23053D004672BD"
                     BuildableName = "FlowDown.app"
                     BlueprintName = "FlowDown"
                     ReferencedContainer = "container:FlowDown.xcodeproj">
                  </BuildableReference>
               </EnvironmentBuildable>
            </ActionContent>
         </ExecutionAction>
      </PreActions>
      <BuildActionEntries>
         <BuildActionEntry
            buildForTesting = "YES"
            buildForRunning = "YES"
            buildForProfiling = "YES"
            buildForArchiving = "YES"
            buildForAnalyzing = "YES">
            <BuildableReference
               BuildableIdentifier = "primary"
               BlueprintIdentifier = "503498BC2D23053D004672BD"
               BuildableName = "FlowDown.app"
               BlueprintName = "FlowDown"
               ReferencedContainer = "container:FlowDown.xcodeproj">
            </BuildableReference>
         </BuildActionEntry>
      </BuildActionEntries>
   </BuildAction>
   <TestAction
      buildConfiguration = "Debug"
      selectedDebuggerIdentifier = "Xcode.DebuggerFoundation.Debugger.LLDB"
      selectedLauncherIdentifier = "Xcode.DebuggerFoundation.Launcher.LLDB"
      shouldUseLaunchSchemeArgsEnv = "YES"
      shouldAutocreateTestPlan = "YES">
   </TestAction>
   <LaunchAction
      buildConfiguration = "Debug"
      selectedDebuggerIdentifier = "Xcode.DebuggerFoundation.Debugger.LLDB"
      selectedLauncherIdentifier = "Xcode.DebuggerFoundation.Launcher.LLDB"
      launchStyle = "0"
      useCustomWorkingDirectory = "NO"
      ignoresPersistentStateOnLaunch = "NO"
      debugDocumentVersioning = "YES"
      debugServiceExtension = "internal"
      allowLocationSimulation = "YES">
      <BuildableProductRunnable
         runnableDebuggingMode = "0">
         <BuildableReference
            BuildableIdentifier = "primary"
            BlueprintIdentifier = "503498BC2D23053D004672BD"
            BuildableName = "FlowDown.app"
            BlueprintName = "FlowDown"
            ReferencedContainer = "container:FlowDown.xcodeproj">
         </BuildableReference>
      </BuildableProductRunnable>
   </LaunchAction>
   <ProfileAction
      buildConfiguration = "Release"
      shouldUseLaunchSchemeArgsEnv = "YES"
      savedToolIdentifier = ""
      useCustomWorkingDirectory = "NO"
      debugDocumentVersioning = "YES">
      <BuildableProductRunnable
         runnableDebuggingMode = "0">
         <BuildableReference
            BuildableIdentifier = "primary"
            BlueprintIdentifier = "503498BC2D23053D004672BD"
            BuildableName = "FlowDown.app"
            BlueprintName = "FlowDown"
            ReferencedContainer = "container:FlowDown.xcodeproj">
         </BuildableReference>
      </BuildableProductRunnable>
   </ProfileAction>
   <AnalyzeAction
      buildConfiguration = "Debug">
   </AnalyzeAction>
   <ArchiveAction
      buildConfiguration = "Release"
      revealArchiveInOrganizer = "YES">
   </ArchiveAction>
</Scheme>
